<?xml version="1.0" encoding="utf-8"?>
<Project ToolsVersion="4.0" xmlns="http://schemas.microsoft.com/developer/msbuild/2003">
  <ItemGroup>
    <ClCompile Include="src\Aabb.cpp" />
    <ClCompile Include="src\Application.cpp" />
    <ClCompile Include="src\BaseModel.cpp" />
    <ClCompile Include="src\BaseShader.cpp" />
    <ClCompile Include="src\Building.cpp" />
    <ClCompile Include="src\Camera.cpp" />
    <ClCompile Include="src\City.cpp" />
    <ClCompile Include="src\color.cpp" />
    <ClCompile Include="src\ConstantShader.cpp" />
    <ClCompile Include="src\Text.cpp" />
    <ClCompile Include="src\Framebuffer.cpp" />
    <ClCompile Include="src\IndexBuffer.cpp" />
    <ClCompile Include="src\Lights.cpp" />
    <ClCompile Include="src\LineBoxModel.cpp" />
    <ClCompile Include="src\LinePlaneModel.cpp" />
    <ClCompile Include="src\main.cpp" />
    <ClCompile Include="src\Matrix.cpp" />
    <ClCompile Include="src\Model.cpp" />
    <ClCompile Include="src\PhongShader.cpp" />
    <ClCompile Include="src\rgbimage.cpp" />
    <ClCompile Include="src\ShaderLightMapper.cpp" />
    <ClCompile Include="src\ShadowMapGenerator.cpp" />
    <ClCompile Include="src\TerrainShader.cpp" />
    <ClCompile Include="src\SantaSleigh.cpp" />
    <ClCompile Include="src\Texture.cpp" />
    <ClCompile Include="src\TriangleBoxModel.cpp" />
    <ClCompile Include="src\TrianglePlaneModel.cpp" />
    <ClCompile Include="src\TriangleSphereModel.cpp" />
    <ClCompile Include="src\vector.cpp" />
    <ClCompile Include="src\VertexBuffer.cpp" />
  </ItemGroup>
  <ItemGroup>
    <ClInclude Include="src\Aabb.h" />
    <ClInclude Include="src\Application.h" />
    <ClInclude Include="src\BaseModel.h" />
    <ClInclude Include="src\BaseShader.h" />
    <ClInclude Include="src\Building.h" />
    <ClInclude Include="src\Camera.h" />
    <ClInclude Include="src\City.h" />
    <ClInclude Include="src\color.h" />
    <ClInclude Include="src\ConstantShader.h" />
    <ClInclude Include="src\Text.h" />
    <ClInclude Include="src\Framebuffer.h" />
    <ClInclude Include="src\IndexBuffer.h" />
    <ClInclude Include="src\Lights.h" />
    <ClInclude Include="src\LineBoxModel.h" />
    <ClInclude Include="src\LinePlaneModel.h" />
    <ClInclude Include="src\main.h" />
    <ClInclude Include="src\Matrix.h" />
    <ClInclude Include="src\Model.h" />
    <ClInclude Include="src\PhongShader.h" />
    <ClInclude Include="src\rgbimage.h" />
    <ClInclude Include="src\ShaderLightMapper.h" />
    <ClInclude Include="src\ShadowMapGenerator.h" />
    <ClInclude Include="src\TerrainShader.h" />
    <ClInclude Include="src\SantaSleigh.h" />
    <ClInclude Include="src\Texture.h" />
    <ClInclude Include="src\TriangleBoxModel.h" />
    <ClInclude Include="src\TrianglePlaneModel.h" />
    <ClInclude Include="src\TriangleSphereModel.h" />
    <ClInclude Include="src\vector.h" />
    <ClInclude Include="src\VertexBuffer.h" />
  </ItemGroup>
</Project>